
Microsoft Visual Studio Solution File, Format Version 12.00
# Visual Studio 14
VisualStudioVersion = 14.0.25420.1
MinimumVisualStudioVersion = 10.0.40219.1
Project("{FAE04EC0-301F-11D3-BF4B-00C04F79EFBC}") = "NohandicapNative.Droid", "NohandicapNative\NohandicapNative.Droid\NohandicapNative.Droid.csproj", "{F28A8718-D1A4-4D9D-8B9E-6D7714A4B07D}"
EndProject
Project("{FAE04EC0-301F-11D3-BF4B-00C04F79EFBC}") = "NohandicapNative.WinPhone", "NohandicapNative\NohandicapNative.WinPhone\NohandicapNative.WinPhone.csproj", "{A9508E2E-9AC3-437F-B2F3-7BB4FD0D4BE8}"
EndProject
Project("{D954291E-2A0B-460D-934E-DC6B0785DB48}") = "NohandicapNative", "NohandicapNative\NohandicapNative\NohandicapNative.shproj", "{AF1E88EB-CF94-4B89-9B8B-80166D5B41DD}"
EndProject
Project("{FAE04EC0-301F-11D3-BF4B-00C04F79EFBC}") = "GoogleMapsUtility", "NohandicapNative\NohandicapNative.Droid\Xamarin.Android.Maps.Utils\GoogleMapsUtility.csproj", "{BC829F65-B3B0-43C3-A282-FD5497656434}"
EndProject
Project("{FAE04EC0-301F-11D3-BF4B-00C04F79EFBC}") = "NohandicapNative.iOS", "NohandicapNative.iOS\NohandicapNative.iOS.csproj", "{950262B1-29D2-494C-A226-8211555395AF}"
EndProject
Global
	GlobalSection(SharedMSBuildProjectFiles) = preSolution
		NohandicapNative\NohandicapNative\NohandicapNative.projitems*{950262b1-29d2-494c-a226-8211555395af}*SharedItemsImports = 4
		NohandicapNative\NohandicapNative\NohandicapNative.projitems*{a9508e2e-9ac3-437f-b2f3-7bb4fd0d4be8}*SharedItemsImports = 4
		NohandicapNative\NohandicapNative\NohandicapNative.projitems*{af1e88eb-cf94-4b89-9b8b-80166d5b41dd}*SharedItemsImports = 13
		NohandicapNative\NohandicapNative\NohandicapNative.projitems*{f28a8718-d1a4-4d9d-8b9e-6d7714a4b07d}*SharedItemsImports = 4
	EndGlobalSection
	GlobalSection(SolutionConfigurationPlatforms) = preSolution
		Ad-Hoc|Any CPU = Ad-Hoc|Any CPU
		Ad-Hoc|ARM = Ad-Hoc|ARM
		Ad-Hoc|iPhone = Ad-Hoc|iPhone
		Ad-Hoc|iPhoneSimulator = Ad-Hoc|iPhoneSimulator
		Ad-Hoc|x86 = Ad-Hoc|x86
		AppStore|Any CPU = AppStore|Any CPU
		AppStore|ARM = AppStore|ARM
		AppStore|iPhone = AppStore|iPhone
		AppStore|iPhoneSimulator = AppStore|iPhoneSimulator
		AppStore|x86 = AppStore|x86
		Debug|Any CPU = Debug|Any CPU
		Debug|ARM = Debug|ARM
		Debug|iPhone = Debug|iPhone
		Debug|iPhoneSimulator = Debug|iPhoneSimulator
		Debug|x86 = Debug|x86
		Release|Any CPU = Release|Any CPU
		Release|ARM = Release|ARM
		Release|iPhone = Release|iPhone
		Release|iPhoneSimulator = Release|iPhoneSimulator
		Release|x86 = Release|x86
	EndGlobalSection
	GlobalSection(ProjectConfigurationPlatforms) = postSolution
		{F28A8718-D1A4-4D9D-8B9E-6D7714A4B07D}.Ad-Hoc|Any CPU.ActiveCfg = Release|Any CPU
		{F28A8718-D1A4-4D9D-8B9E-6D7714A4B07D}.Ad-Hoc|Any CPU.Build.0 = Release|Any CPU
		{F28A8718-D1A4-4D9D-8B9E-6D7714A4B07D}.Ad-Hoc|Any CPU.Deploy.0 = Release|Any CPU
		{F28A8718-D1A4-4D9D-8B9E-6D7714A4B07D}.Ad-Hoc|ARM.ActiveCfg = Release|Any CPU
		{F28A8718-D1A4-4D9D-8B9E-6D7714A4B07D}.Ad-Hoc|ARM.Build.0 = Release|Any CPU
		{F28A8718-D1A4-4D9D-8B9E-6D7714A4B07D}.Ad-Hoc|ARM.Deploy.0 = Release|Any CPU
		{F28A8718-D1A4-4D9D-8B9E-6D7714A4B07D}.Ad-Hoc|iPhone.ActiveCfg = Release|Any CPU
		{F28A8718-D1A4-4D9D-8B9E-6D7714A4B07D}.Ad-Hoc|iPhone.Build.0 = Release|Any CPU
		{F28A8718-D1A4-4D9D-8B9E-6D7714A4B07D}.Ad-Hoc|iPhone.Deploy.0 = Release|Any CPU
		{F28A8718-D1A4-4D9D-8B9E-6D7714A4B07D}.Ad-Hoc|iPhoneSimulator.ActiveCfg = Release|Any CPU
		{F28A8718-D1A4-4D9D-8B9E-6D7714A4B07D}.Ad-Hoc|iPhoneSimulator.Build.0 = Release|Any CPU
		{F28A8718-D1A4-4D9D-8B9E-6D7714A4B07D}.Ad-Hoc|iPhoneSimulator.Deploy.0 = Release|Any CPU
		{F28A8718-D1A4-4D9D-8B9E-6D7714A4B07D}.Ad-Hoc|x86.ActiveCfg = Release|Any CPU
		{F28A8718-D1A4-4D9D-8B9E-6D7714A4B07D}.Ad-Hoc|x86.Build.0 = Release|Any CPU
		{F28A8718-D1A4-4D9D-8B9E-6D7714A4B07D}.Ad-Hoc|x86.Deploy.0 = Release|Any CPU
		{F28A8718-D1A4-4D9D-8B9E-6D7714A4B07D}.AppStore|Any CPU.ActiveCfg = Release|Any CPU
		{F28A8718-D1A4-4D9D-8B9E-6D7714A4B07D}.AppStore|Any CPU.Build.0 = Release|Any CPU
		{F28A8718-D1A4-4D9D-8B9E-6D7714A4B07D}.AppStore|Any CPU.Deploy.0 = Release|Any CPU
		{F28A8718-D1A4-4D9D-8B9E-6D7714A4B07D}.AppStore|ARM.ActiveCfg = Release|Any CPU
		{F28A8718-D1A4-4D9D-8B9E-6D7714A4B07D}.AppStore|ARM.Build.0 = Release|Any CPU
		{F28A8718-D1A4-4D9D-8B9E-6D7714A4B07D}.AppStore|ARM.Deploy.0 = Release|Any CPU
		{F28A8718-D1A4-4D9D-8B9E-6D7714A4B07D}.AppStore|iPhone.ActiveCfg = Release|Any CPU
		{F28A8718-D1A4-4D9D-8B9E-6D7714A4B07D}.AppStore|iPhone.Build.0 = Release|Any CPU
		{F28A8718-D1A4-4D9D-8B9E-6D7714A4B07D}.AppStore|iPhone.Deploy.0 = Release|Any CPU
		{F28A8718-D1A4-4D9D-8B9E-6D7714A4B07D}.AppStore|iPhoneSimulator.ActiveCfg = Release|Any CPU
		{F28A8718-D1A4-4D9D-8B9E-6D7714A4B07D}.AppStore|iPhoneSimulator.Build.0 = Release|Any CPU
		{F28A8718-D1A4-4D9D-8B9E-6D7714A4B07D}.AppStore|iPhoneSimulator.Deploy.0 = Release|Any CPU
		{F28A8718-D1A4-4D9D-8B9E-6D7714A4B07D}.AppStore|x86.ActiveCfg = Release|Any CPU
		{F28A8718-D1A4-4D9D-8B9E-6D7714A4B07D}.AppStore|x86.Build.0 = Release|Any CPU
		{F28A8718-D1A4-4D9D-8B9E-6D7714A4B07D}.AppStore|x86.Deploy.0 = Release|Any CPU
		{F28A8718-D1A4-4D9D-8B9E-6D7714A4B07D}.Debug|Any CPU.ActiveCfg = Debug|Any CPU
		{F28A8718-D1A4-4D9D-8B9E-6D7714A4B07D}.Debug|Any CPU.Build.0 = Debug|Any CPU
		{F28A8718-D1A4-4D9D-8B9E-6D7714A4B07D}.Debug|Any CPU.Deploy.0 = Debug|Any CPU
		{F28A8718-D1A4-4D9D-8B9E-6D7714A4B07D}.Debug|ARM.ActiveCfg = Debug|Any CPU
		{F28A8718-D1A4-4D9D-8B9E-6D7714A4B07D}.Debug|ARM.Build.0 = Debug|Any CPU
		{F28A8718-D1A4-4D9D-8B9E-6D7714A4B07D}.Debug|ARM.Deploy.0 = Debug|Any CPU
		{F28A8718-D1A4-4D9D-8B9E-6D7714A4B07D}.Debug|iPhone.ActiveCfg = Debug|Any CPU
		{F28A8718-D1A4-4D9D-8B9E-6D7714A4B07D}.Debug|iPhone.Build.0 = Debug|Any CPU
		{F28A8718-D1A4-4D9D-8B9E-6D7714A4B07D}.Debug|iPhone.Deploy.0 = Debug|Any CPU
		{F28A8718-D1A4-4D9D-8B9E-6D7714A4B07D}.Debug|iPhoneSimulator.ActiveCfg = Debug|Any CPU
		{F28A8718-D1A4-4D9D-8B9E-6D7714A4B07D}.Debug|iPhoneSimulator.Build.0 = Debug|Any CPU
		{F28A8718-D1A4-4D9D-8B9E-6D7714A4B07D}.Debug|iPhoneSimulator.Deploy.0 = Debug|Any CPU
		{F28A8718-D1A4-4D9D-8B9E-6D7714A4B07D}.Debug|x86.ActiveCfg = Debug|Any CPU
		{F28A8718-D1A4-4D9D-8B9E-6D7714A4B07D}.Debug|x86.Build.0 = Debug|Any CPU
		{F28A8718-D1A4-4D9D-8B9E-6D7714A4B07D}.Debug|x86.Deploy.0 = Debug|Any CPU
		{F28A8718-D1A4-4D9D-8B9E-6D7714A4B07D}.Release|Any CPU.ActiveCfg = Release|Any CPU
		{F28A8718-D1A4-4D9D-8B9E-6D7714A4B07D}.Release|Any CPU.Build.0 = Release|Any CPU
		{F28A8718-D1A4-4D9D-8B9E-6D7714A4B07D}.Release|Any CPU.Deploy.0 = Release|Any CPU
		{F28A8718-D1A4-4D9D-8B9E-6D7714A4B07D}.Release|ARM.ActiveCfg = Release|Any CPU
		{F28A8718-D1A4-4D9D-8B9E-6D7714A4B07D}.Release|ARM.Build.0 = Release|Any CPU
		{F28A8718-D1A4-4D9D-8B9E-6D7714A4B07D}.Release|ARM.Deploy.0 = Release|Any CPU
		{F28A8718-D1A4-4D9D-8B9E-6D7714A4B07D}.Release|iPhone.ActiveCfg = Release|Any CPU
		{F28A8718-D1A4-4D9D-8B9E-6D7714A4B07D}.Release|iPhone.Build.0 = Release|Any CPU
		{F28A8718-D1A4-4D9D-8B9E-6D7714A4B07D}.Release|iPhone.Deploy.0 = Release|Any CPU
		{F28A8718-D1A4-4D9D-8B9E-6D7714A4B07D}.Release|iPhoneSimulator.ActiveCfg = Release|Any CPU
		{F28A8718-D1A4-4D9D-8B9E-6D7714A4B07D}.Release|iPhoneSimulator.Build.0 = Release|Any CPU
		{F28A8718-D1A4-4D9D-8B9E-6D7714A4B07D}.Release|iPhoneSimulator.Deploy.0 = Release|Any CPU
		{F28A8718-D1A4-4D9D-8B9E-6D7714A4B07D}.Release|x86.ActiveCfg = Release|Any CPU
		{F28A8718-D1A4-4D9D-8B9E-6D7714A4B07D}.Release|x86.Build.0 = Release|Any CPU
		{F28A8718-D1A4-4D9D-8B9E-6D7714A4B07D}.Release|x86.Deploy.0 = Release|Any CPU
		{A9508E2E-9AC3-437F-B2F3-7BB4FD0D4BE8}.Ad-Hoc|Any CPU.ActiveCfg = Release|Any CPU
		{A9508E2E-9AC3-437F-B2F3-7BB4FD0D4BE8}.Ad-Hoc|Any CPU.Build.0 = Release|Any CPU
		{A9508E2E-9AC3-437F-B2F3-7BB4FD0D4BE8}.Ad-Hoc|Any CPU.Deploy.0 = Release|Any CPU
		{A9508E2E-9AC3-437F-B2F3-7BB4FD0D4BE8}.Ad-Hoc|ARM.ActiveCfg = Release|ARM
		{A9508E2E-9AC3-437F-B2F3-7BB4FD0D4BE8}.Ad-Hoc|ARM.Build.0 = Release|ARM
		{A9508E2E-9AC3-437F-B2F3-7BB4FD0D4BE8}.Ad-Hoc|ARM.Deploy.0 = Release|ARM
		{A9508E2E-9AC3-437F-B2F3-7BB4FD0D4BE8}.Ad-Hoc|iPhone.ActiveCfg = Release|Any CPU
		{A9508E2E-9AC3-437F-B2F3-7BB4FD0D4BE8}.Ad-Hoc|iPhone.Build.0 = Release|Any CPU
		{A9508E2E-9AC3-437F-B2F3-7BB4FD0D4BE8}.Ad-Hoc|iPhone.Deploy.0 = Release|Any CPU
		{A9508E2E-9AC3-437F-B2F3-7BB4FD0D4BE8}.Ad-Hoc|iPhoneSimulator.ActiveCfg = Release|Any CPU
		{A9508E2E-9AC3-437F-B2F3-7BB4FD0D4BE8}.Ad-Hoc|iPhoneSimulator.Build.0 = Release|Any CPU
		{A9508E2E-9AC3-437F-B2F3-7BB4FD0D4BE8}.Ad-Hoc|iPhoneSimulator.Deploy.0 = Release|Any CPU
		{A9508E2E-9AC3-437F-B2F3-7BB4FD0D4BE8}.Ad-Hoc|x86.ActiveCfg = Release|x86
		{A9508E2E-9AC3-437F-B2F3-7BB4FD0D4BE8}.Ad-Hoc|x86.Build.0 = Release|x86
		{A9508E2E-9AC3-437F-B2F3-7BB4FD0D4BE8}.Ad-Hoc|x86.Deploy.0 = Release|x86
		{A9508E2E-9AC3-437F-B2F3-7BB4FD0D4BE8}.AppStore|Any CPU.ActiveCfg = Release|Any CPU
		{A9508E2E-9AC3-437F-B2F3-7BB4FD0D4BE8}.AppStore|Any CPU.Build.0 = Release|Any CPU
		{A9508E2E-9AC3-437F-B2F3-7BB4FD0D4BE8}.AppStore|Any CPU.Deploy.0 = Release|Any CPU
		{A9508E2E-9AC3-437F-B2F3-7BB4FD0D4BE8}.AppStore|ARM.ActiveCfg = Release|ARM
		{A9508E2E-9AC3-437F-B2F3-7BB4FD0D4BE8}.AppStore|ARM.Build.0 = Release|ARM
		{A9508E2E-9AC3-437F-B2F3-7BB4FD0D4BE8}.AppStore|ARM.Deploy.0 = Release|ARM
		{A9508E2E-9AC3-437F-B2F3-7BB4FD0D4BE8}.AppStore|iPhone.ActiveCfg = Release|Any CPU
		{A9508E2E-9AC3-437F-B2F3-7BB4FD0D4BE8}.AppStore|iPhone.Build.0 = Release|Any CPU
		{A9508E2E-9AC3-437F-B2F3-7BB4FD0D4BE8}.AppStore|iPhone.Deploy.0 = Release|Any CPU
		{A9508E2E-9AC3-437F-B2F3-7BB4FD0D4BE8}.AppStore|iPhoneSimulator.ActiveCfg = Release|Any CPU
		{A9508E2E-9AC3-437F-B2F3-7BB4FD0D4BE8}.AppStore|iPhoneSimulator.Build.0 = Release|Any CPU
		{A9508E2E-9AC3-437F-B2F3-7BB4FD0D4BE8}.AppStore|iPhoneSimulator.Deploy.0 = Release|Any CPU
		{A9508E2E-9AC3-437F-B2F3-7BB4FD0D4BE8}.AppStore|x86.ActiveCfg = Release|x86
		{A9508E2E-9AC3-437F-B2F3-7BB4FD0D4BE8}.AppStore|x86.Build.0 = Release|x86
		{A9508E2E-9AC3-437F-B2F3-7BB4FD0D4BE8}.AppStore|x86.Deploy.0 = Release|x86
		{A9508E2E-9AC3-437F-B2F3-7BB4FD0D4BE8}.Debug|Any CPU.ActiveCfg = Debug|Any CPU
		{A9508E2E-9AC3-437F-B2F3-7BB4FD0D4BE8}.Debug|Any CPU.Build.0 = Debug|Any CPU
		{A9508E2E-9AC3-437F-B2F3-7BB4FD0D4BE8}.Debug|Any CPU.Deploy.0 = Debug|Any CPU
		{A9508E2E-9AC3-437F-B2F3-7BB4FD0D4BE8}.Debug|ARM.ActiveCfg = Debug|ARM
		{A9508E2E-9AC3-437F-B2F3-7BB4FD0D4BE8}.Debug|ARM.Build.0 = Debug|ARM
		{A9508E2E-9AC3-437F-B2F3-7BB4FD0D4BE8}.Debug|ARM.Deploy.0 = Debug|ARM
		{A9508E2E-9AC3-437F-B2F3-7BB4FD0D4BE8}.Debug|iPhone.ActiveCfg = Debug|Any CPU
		{A9508E2E-9AC3-437F-B2F3-7BB4FD0D4BE8}.Debug|iPhone.Build.0 = Debug|Any CPU
		{A9508E2E-9AC3-437F-B2F3-7BB4FD0D4BE8}.Debug|iPhone.Deploy.0 = Debug|Any CPU
		{A9508E2E-9AC3-437F-B2F3-7BB4FD0D4BE8}.Debug|iPhoneSimulator.ActiveCfg = Debug|Any CPU
		{A9508E2E-9AC3-437F-B2F3-7BB4FD0D4BE8}.Debug|iPhoneSimulator.Build.0 = Debug|Any CPU
		{A9508E2E-9AC3-437F-B2F3-7BB4FD0D4BE8}.Debug|iPhoneSimulator.Deploy.0 = Debug|Any CPU
		{A9508E2E-9AC3-437F-B2F3-7BB4FD0D4BE8}.Debug|x86.ActiveCfg = Debug|x86
		{A9508E2E-9AC3-437F-B2F3-7BB4FD0D4BE8}.Debug|x86.Build.0 = Debug|x86
		{A9508E2E-9AC3-437F-B2F3-7BB4FD0D4BE8}.Debug|x86.Deploy.0 = Debug|x86
		{A9508E2E-9AC3-437F-B2F3-7BB4FD0D4BE8}.Release|Any CPU.ActiveCfg = Release|Any CPU
		{A9508E2E-9AC3-437F-B2F3-7BB4FD0D4BE8}.Release|Any CPU.Build.0 = Release|Any CPU
		{A9508E2E-9AC3-437F-B2F3-7BB4FD0D4BE8}.Release|Any CPU.Deploy.0 = Release|Any CPU
		{A9508E2E-9AC3-437F-B2F3-7BB4FD0D4BE8}.Release|ARM.ActiveCfg = Release|ARM
		{A9508E2E-9AC3-437F-B2F3-7BB4FD0D4BE8}.Release|ARM.Build.0 = Release|ARM
		{A9508E2E-9AC3-437F-B2F3-7BB4FD0D4BE8}.Release|ARM.Deploy.0 = Release|ARM
		{A9508E2E-9AC3-437F-B2F3-7BB4FD0D4BE8}.Release|iPhone.ActiveCfg = Release|Any CPU
		{A9508E2E-9AC3-437F-B2F3-7BB4FD0D4BE8}.Release|iPhone.Build.0 = Release|Any CPU
		{A9508E2E-9AC3-437F-B2F3-7BB4FD0D4BE8}.Release|iPhone.Deploy.0 = Release|Any CPU
		{A9508E2E-9AC3-437F-B2F3-7BB4FD0D4BE8}.Release|iPhoneSimulator.ActiveCfg = Release|Any CPU
		{A9508E2E-9AC3-437F-B2F3-7BB4FD0D4BE8}.Release|iPhoneSimulator.Build.0 = Release|Any CPU
		{A9508E2E-9AC3-437F-B2F3-7BB4FD0D4BE8}.Release|iPhoneSimulator.Deploy.0 = Release|Any CPU
		{A9508E2E-9AC3-437F-B2F3-7BB4FD0D4BE8}.Release|x86.ActiveCfg = Release|x86
		{A9508E2E-9AC3-437F-B2F3-7BB4FD0D4BE8}.Release|x86.Build.0 = Release|x86
		{A9508E2E-9AC3-437F-B2F3-7BB4FD0D4BE8}.Release|x86.Deploy.0 = Release|x86
		{BC829F65-B3B0-43C3-A282-FD5497656434}.Ad-Hoc|Any CPU.ActiveCfg = Release|Any CPU
		{BC829F65-B3B0-43C3-A282-FD5497656434}.Ad-Hoc|Any CPU.Build.0 = Release|Any CPU
		{BC829F65-B3B0-43C3-A282-FD5497656434}.Ad-Hoc|ARM.ActiveCfg = Release|Any CPU
		{BC829F65-B3B0-43C3-A282-FD5497656434}.Ad-Hoc|ARM.Build.0 = Release|Any CPU
		{BC829F65-B3B0-43C3-A282-FD5497656434}.Ad-Hoc|iPhone.ActiveCfg = Release|Any CPU
		{BC829F65-B3B0-43C3-A282-FD5497656434}.Ad-Hoc|iPhone.Build.0 = Release|Any CPU
		{BC829F65-B3B0-43C3-A282-FD5497656434}.Ad-Hoc|iPhoneSimulator.ActiveCfg = Release|Any CPU
		{BC829F65-B3B0-43C3-A282-FD5497656434}.Ad-Hoc|iPhoneSimulator.Build.0 = Release|Any CPU
		{BC829F65-B3B0-43C3-A282-FD5497656434}.Ad-Hoc|x86.ActiveCfg = Release|Any CPU
		{BC829F65-B3B0-43C3-A282-FD5497656434}.Ad-Hoc|x86.Build.0 = Release|Any CPU
		{BC829F65-B3B0-43C3-A282-FD5497656434}.AppStore|Any CPU.ActiveCfg = Release|Any CPU
		{BC829F65-B3B0-43C3-A282-FD5497656434}.AppStore|Any CPU.Build.0 = Release|Any CPU
		{BC829F65-B3B0-43C3-A282-FD5497656434}.AppStore|ARM.ActiveCfg = Release|Any CPU
		{BC829F65-B3B0-43C3-A282-FD5497656434}.AppStore|ARM.Build.0 = Release|Any CPU
		{BC829F65-B3B0-43C3-A282-FD5497656434}.AppStore|iPhone.ActiveCfg = Release|Any CPU
		{BC829F65-B3B0-43C3-A282-FD5497656434}.AppStore|iPhone.Build.0 = Release|Any CPU
		{BC829F65-B3B0-43C3-A282-FD5497656434}.AppStore|iPhoneSimulator.ActiveCfg = Release|Any CPU
		{BC829F65-B3B0-43C3-A282-FD5497656434}.AppStore|iPhoneSimulator.Build.0 = Release|Any CPU
		{BC829F65-B3B0-43C3-A282-FD5497656434}.AppStore|x86.ActiveCfg = Release|Any CPU
		{BC829F65-B3B0-43C3-A282-FD5497656434}.AppStore|x86.Build.0 = Release|Any CPU
		{BC829F65-B3B0-43C3-A282-FD5497656434}.Debug|Any CPU.ActiveCfg = Debug|Any CPU
		{BC829F65-B3B0-43C3-A282-FD5497656434}.Debug|Any CPU.Build.0 = Debug|Any CPU
		{BC829F65-B3B0-43C3-A282-FD5497656434}.Debug|ARM.ActiveCfg = Debug|Any CPU
		{BC829F65-B3B0-43C3-A282-FD5497656434}.Debug|ARM.Build.0 = Debug|Any CPU
		{BC829F65-B3B0-43C3-A282-FD5497656434}.Debug|iPhone.ActiveCfg = Debug|Any CPU
		{BC829F65-B3B0-43C3-A282-FD5497656434}.Debug|iPhone.Build.0 = Debug|Any CPU
		{BC829F65-B3B0-43C3-A282-FD5497656434}.Debug|iPhoneSimulator.ActiveCfg = Debug|Any CPU
		{BC829F65-B3B0-43C3-A282-FD5497656434}.Debug|iPhoneSimulator.Build.0 = Debug|Any CPU
		{BC829F65-B3B0-43C3-A282-FD5497656434}.Debug|x86.ActiveCfg = Debug|Any CPU
		{BC829F65-B3B0-43C3-A282-FD5497656434}.Debug|x86.Build.0 = Debug|Any CPU
		{BC829F65-B3B0-43C3-A282-FD5497656434}.Release|Any CPU.ActiveCfg = Release|Any CPU
		{BC829F65-B3B0-43C3-A282-FD5497656434}.Release|Any CPU.Build.0 = Release|Any CPU
		{BC829F65-B3B0-43C3-A282-FD5497656434}.Release|ARM.ActiveCfg = Release|Any CPU
		{BC829F65-B3B0-43C3-A282-FD5497656434}.Release|ARM.Build.0 = Release|Any CPU
		{BC829F65-B3B0-43C3-A282-FD5497656434}.Release|iPhone.ActiveCfg = Release|Any CPU
		{BC829F65-B3B0-43C3-A282-FD5497656434}.Release|iPhone.Build.0 = Release|Any CPU
		{BC829F65-B3B0-43C3-A282-FD5497656434}.Release|iPhoneSimulator.ActiveCfg = Release|Any CPU
		{BC829F65-B3B0-43C3-A282-FD5497656434}.Release|iPhoneSimulator.Build.0 = Release|Any CPU
		{BC829F65-B3B0-43C3-A282-FD5497656434}.Release|x86.ActiveCfg = Release|Any CPU
		{BC829F65-B3B0-43C3-A282-FD5497656434}.Release|x86.Build.0 = Release|Any CPU
		{950262B1-29D2-494C-A226-8211555395AF}.Ad-Hoc|Any CPU.ActiveCfg = Ad-Hoc|iPhone
		{950262B1-29D2-494C-A226-8211555395AF}.Ad-Hoc|ARM.ActiveCfg = Ad-Hoc|iPhone
		{950262B1-29D2-494C-A226-8211555395AF}.Ad-Hoc|iPhone.ActiveCfg = Ad-Hoc|iPhone
		{950262B1-29D2-494C-A226-8211555395AF}.Ad-Hoc|iPhone.Build.0 = Ad-Hoc|iPhone
		{950262B1-29D2-494C-A226-8211555395AF}.Ad-Hoc|iPhoneSimulator.ActiveCfg = Ad-Hoc|iPhoneSimulator
		{950262B1-29D2-494C-A226-8211555395AF}.Ad-Hoc|iPhoneSimulator.Build.0 = Ad-Hoc|iPhoneSimulator
		{950262B1-29D2-494C-A226-8211555395AF}.Ad-Hoc|x86.ActiveCfg = Ad-Hoc|iPhone
		{950262B1-29D2-494C-A226-8211555395AF}.AppStore|Any CPU.ActiveCfg = AppStore|iPhone
		{950262B1-29D2-494C-A226-8211555395AF}.AppStore|ARM.ActiveCfg = AppStore|iPhone
		{950262B1-29D2-494C-A226-8211555395AF}.AppStore|iPhone.ActiveCfg = AppStore|iPhone
		{950262B1-29D2-494C-A226-8211555395AF}.AppStore|iPhone.Build.0 = AppStore|iPhone
		{950262B1-29D2-494C-A226-8211555395AF}.AppStore|iPhoneSimulator.ActiveCfg = AppStore|iPhoneSimulator
		{950262B1-29D2-494C-A226-8211555395AF}.AppStore|iPhoneSimulator.Build.0 = AppStore|iPhoneSimulator
		{950262B1-29D2-494C-A226-8211555395AF}.AppStore|x86.ActiveCfg = AppStore|iPhone
		{950262B1-29D2-494C-A226-8211555395AF}.Debug|Any CPU.ActiveCfg = Debug|iPhone
		{950262B1-29D2-494C-A226-8211555395AF}.Debug|ARM.ActiveCfg = Debug|iPhone
		{950262B1-29D2-494C-A226-8211555395AF}.Debug|iPhone.ActiveCfg = Debug|iPhone
		{950262B1-29D2-494C-A226-8211555395AF}.Debug|iPhone.Build.0 = Debug|iPhone
		{950262B1-29D2-494C-A226-8211555395AF}.Debug|iPhoneSimulator.ActiveCfg = Debug|iPhoneSimulator
		{950262B1-29D2-494C-A226-8211555395AF}.Debug|iPhoneSimulator.Build.0 = Debug|iPhoneSimulator
		{950262B1-29D2-494C-A226-8211555395AF}.Debug|x86.ActiveCfg = Debug|iPhone
		{950262B1-29D2-494C-A226-8211555395AF}.Release|Any CPU.ActiveCfg = Release|iPhone
		{950262B1-29D2-494C-A226-8211555395AF}.Release|ARM.ActiveCfg = Release|iPhone
		{950262B1-29D2-494C-A226-8211555395AF}.Release|iPhone.ActiveCfg = Release|iPhone
		{950262B1-29D2-494C-A226-8211555395AF}.Release|iPhone.Build.0 = Release|iPhone
		{950262B1-29D2-494C-A226-8211555395AF}.Release|iPhoneSimulator.ActiveCfg = Release|iPhoneSimulator
		{950262B1-29D2-494C-A226-8211555395AF}.Release|iPhoneSimulator.Build.0 = Release|iPhoneSimulator
		{950262B1-29D2-494C-A226-8211555395AF}.Release|x86.ActiveCfg = Release|iPhone
	EndGlobalSection
	GlobalSection(SolutionProperties) = preSolution
		HideSolutionNode = FALSE
	EndGlobalSection
EndGlobal
